
Microsoft Visual Studio Solution File, Format Version 12.00
# Visual Studio Version 17
VisualStudioVersion = 17.3.32714.290
MinimumVisualStudioVersion = 10.0.40219.1
Project("{FAE04EC0-301F-11D3-BF4B-00C04F79EFBC}") = "IreSharp", "IreSharp\IreSharp.csproj", "{0954D5DD-D5F5-40DB-A06B-3825B013DA00}"
EndProject
Project("{FAE04EC0-301F-11D3-BF4B-00C04F79EFBC}") = "IreSharp.Tests", "IreSharp.Tests\IreSharp.Tests.csproj", "{9757C323-7214-46E9-A520-E9C03AEA15AC}"
EndProject
Global
	GlobalSection(SolutionConfigurationPlatforms) = preSolution
		Debug|Any CPU = Debug|Any CPU
		Release|Any CPU = Release|Any CPU
	EndGlobalSection
	GlobalSection(ProjectConfigurationPlatforms) = postSolution
		{0954D5DD-D5F5-40DB-A06B-3825B013DA00}.Debug|Any CPU.ActiveCfg = Debug|Any CPU
		{0954D5DD-D5F5-40DB-A06B-3825B013DA00}.Debug|Any CPU.Build.0 = Debug|Any CPU
		{0954D5DD-D5F5-40DB-A06B-3825B013DA00}.Release|Any CPU.ActiveCfg = Release|Any CPU
		{0954D5DD-D5F5-40DB-A06B-3825B013DA00}.Release|Any CPU.Build.0 = Release|Any CPU
		{9757C323-7214-46E9-A520-E9C03AEA15AC}.Debug|Any CPU.ActiveCfg = Debug|Any CPU
		{9757C323-7214-46E9-A520-E9C03AEA15AC}.Debug|Any CPU.Build.0 = Debug|Any CPU
		{9757C323-7214-46E9-A520-E9C03AEA15AC}.Release|Any CPU.ActiveCfg = Release|Any CPU
		{9757C323-7214-46E9-A520-E9C03AEA15AC}.Release|Any CPU.Build.0 = Release|Any CPU
	EndGlobalSection
	GlobalSection(SolutionProperties) = preSolution
		HideSolutionNode = FALSE
	EndGlobalSection
	GlobalSection(ExtensibilityGlobals) = postSolution
		SolutionGuid = {7D28613A-D9E5-422A-8BD7-1146D1AEA1A3}
	EndGlobalSection
EndGlobal
